
Microsoft Visual Studio Solution File, Format Version 12.00
# Visual Studio Version 17
VisualStudioVersion = 17.8.34316.72
MinimumVisualStudioVersion = 10.0.40219.1
Project("{FAE04EC0-301F-11D3-BF4B-00C04F79EFBC}") = "base64", "base64\base64.csproj", "{57464C7A-7E27-4390-AF29-32A8B2144894}"
EndProject
Global
	GlobalSection(SolutionConfigurationPlatforms) = preSolution
		Debug|Any CPU = Debug|Any CPU
		Release|Any CPU = Release|Any CPU
	EndGlobalSection
	GlobalSection(ProjectConfigurationPlatforms) = postSolution
		{57464C7A-7E27-4390-AF29-32A8B2144894}.Debug|Any CPU.ActiveCfg = Debug|Any CPU
		{57464C7A-7E27-4390-AF29-32A8B2144894}.Debug|Any CPU.Build.0 = Debug|Any CPU
		{57464C7A-7E27-4390-AF29-32A8B2144894}.Release|Any CPU.ActiveCfg = Release|Any CPU
		{57464C7A-7E27-4390-AF29-32A8B2144894}.Release|Any CPU.Build.0 = Release|Any CPU
	EndGlobalSection
	GlobalSection(SolutionProperties) = preSolution
		HideSolutionNode = FALSE
	EndGlobalSection
	GlobalSection(ExtensibilityGlobals) = postSolution
		SolutionGuid = {9AA360D3-03AC-474D-8103-36011DE04CAE}
	EndGlobalSection
EndGlobal
